
Microsoft Visual Studio Solution File, Format Version 12.00
# Visual Studio Version 17
VisualStudioVersion = 17.0.31903.59
MinimumVisualStudioVersion = 10.0.40219.1
Project("{FAE04EC0-301F-11D3-BF4B-00C04F79EFBC}") = "Agentix.Core", "src\Core\Agentix.Core\Agentix.Core.csproj", "{93DFBF68-0C85-42C9-9997-1A60ECA0300F}"
EndProject
Project("{FAE04EC0-301F-11D3-BF4B-00C04F79EFBC}") = "Agentix.Channels.Console", "src\Channels\Agentix.Channels.Console\Agentix.Channels.Console.csproj", "{CC449EB4-438C-4F9B-BECD-ED871B9813C7}"
EndProject
Project("{FAE04EC0-301F-11D3-BF4B-00C04F79EFBC}") = "Agentix.Channels.Slack", "src\Channels\Agentix.Channels.Slack\Agentix.Channels.Slack.csproj", "{E8F5D2A3-1B4C-4E89-9F2D-A7C3B5E6D8F9}"
EndProject
Project("{FAE04EC0-301F-11D3-BF4B-00C04F79EFBC}") = "Agentix.Providers.Claude", "src\Providers\Agentix.Providers.Claude\Agentix.Providers.Claude.csproj", "{1CF5BBD1-9E07-4876-8A2C-8602AA11C000}"
EndProject
Project("{FAE04EC0-301F-11D3-BF4B-00C04F79EFBC}") = "Agentix.Sample.Console", "samples\Agentix.Sample.Console\Agentix.Sample.Console.csproj", "{D4B11E5F-5E82-4651-B66B-95145B21AE6F}"
EndProject
Project("{FAE04EC0-301F-11D3-BF4B-00C04F79EFBC}") = "Agentix.Sample.Slack", "samples\Agentix.Sample.Slack\Agentix.Sample.Slack.csproj", "{F9A2B8C4-6E17-4A5D-8B3F-C7D9E1F2A5B8}"
EndProject
Global
	GlobalSection(SolutionConfigurationPlatforms) = preSolution
		Debug|Any CPU = Debug|Any CPU
		Release|Any CPU = Release|Any CPU
	EndGlobalSection
	GlobalSection(SolutionProperties) = preSolution
		HideSolutionNode = FALSE
	EndGlobalSection
	GlobalSection(ProjectConfigurationPlatforms) = postSolution
		{93DFBF68-0C85-42C9-9997-1A60ECA0300F}.Debug|Any CPU.ActiveCfg = Debug|Any CPU
		{93DFBF68-0C85-42C9-9997-1A60ECA0300F}.Debug|Any CPU.Build.0 = Debug|Any CPU
		{93DFBF68-0C85-42C9-9997-1A60ECA0300F}.Release|Any CPU.ActiveCfg = Release|Any CPU
		{93DFBF68-0C85-42C9-9997-1A60ECA0300F}.Release|Any CPU.Build.0 = Release|Any CPU
		{CC449EB4-438C-4F9B-BECD-ED871B9813C7}.Debug|Any CPU.ActiveCfg = Debug|Any CPU
		{CC449EB4-438C-4F9B-BECD-ED871B9813C7}.Debug|Any CPU.Build.0 = Debug|Any CPU
		{CC449EB4-438C-4F9B-BECD-ED871B9813C7}.Release|Any CPU.ActiveCfg = Release|Any CPU
		{CC449EB4-438C-4F9B-BECD-ED871B9813C7}.Release|Any CPU.Build.0 = Release|Any CPU
		{E8F5D2A3-1B4C-4E89-9F2D-A7C3B5E6D8F9}.Debug|Any CPU.ActiveCfg = Debug|Any CPU
		{E8F5D2A3-1B4C-4E89-9F2D-A7C3B5E6D8F9}.Debug|Any CPU.Build.0 = Debug|Any CPU
		{E8F5D2A3-1B4C-4E89-9F2D-A7C3B5E6D8F9}.Release|Any CPU.ActiveCfg = Release|Any CPU
		{E8F5D2A3-1B4C-4E89-9F2D-A7C3B5E6D8F9}.Release|Any CPU.Build.0 = Release|Any CPU
		{1CF5BBD1-9E07-4876-8A2C-8602AA11C000}.Debug|Any CPU.ActiveCfg = Debug|Any CPU
		{1CF5BBD1-9E07-4876-8A2C-8602AA11C000}.Debug|Any CPU.Build.0 = Debug|Any CPU
		{1CF5BBD1-9E07-4876-8A2C-8602AA11C000}.Release|Any CPU.ActiveCfg = Release|Any CPU
		{1CF5BBD1-9E07-4876-8A2C-8602AA11C000}.Release|Any CPU.Build.0 = Release|Any CPU
		{D4B11E5F-5E82-4651-B66B-95145B21AE6F}.Debug|Any CPU.ActiveCfg = Debug|Any CPU
		{D4B11E5F-5E82-4651-B66B-95145B21AE6F}.Debug|Any CPU.Build.0 = Debug|Any CPU
		{D4B11E5F-5E82-4651-B66B-95145B21AE6F}.Release|Any CPU.ActiveCfg = Release|Any CPU
		{D4B11E5F-5E82-4651-B66B-95145B21AE6F}.Release|Any CPU.Build.0 = Release|Any CPU
		{F9A2B8C4-6E17-4A5D-8B3F-C7D9E1F2A5B8}.Debug|Any CPU.ActiveCfg = Debug|Any CPU
		{F9A2B8C4-6E17-4A5D-8B3F-C7D9E1F2A5B8}.Debug|Any CPU.Build.0 = Debug|Any CPU
		{F9A2B8C4-6E17-4A5D-8B3F-C7D9E1F2A5B8}.Release|Any CPU.ActiveCfg = Release|Any CPU
		{F9A2B8C4-6E17-4A5D-8B3F-C7D9E1F2A5B8}.Release|Any CPU.Build.0 = Release|Any CPU
	EndGlobalSection
EndGlobal
